<Solution>
  <Project Path="../../tools/dotnet_archive_backend/src/Cdmw.Archive.Content/Cdmw.Archive.Content.csproj" />
  <Project Path="src/Cdmw.ArchiveLite.Contracts/Cdmw.ArchiveLite.Contracts.csproj" />
  <Project Path="src/Cdmw.ArchiveLite.Core/Cdmw.ArchiveLite.Core.csproj" />
  <Project Path="src/Cdmw.ArchiveLite.Worker/Cdmw.ArchiveLite.Worker.csproj" />
  <Project Path="src/Cdmw.ArchiveLite.App/Cdmw.ArchiveLite.App.csproj" />
  <Project Path="src/Cdmw.ArchiveLite.Standalone/Cdmw.ArchiveLite.Standalone.csproj" />
  <Project Path="tests/Cdmw.ArchiveLite.Tests/Cdmw.ArchiveLite.Tests.csproj" />
</Solution>
